
Microsoft Visual Studio Solution File, Format Version 12.00
# Visual Studio Version 16
VisualStudioVersion = 16.0.32413.511
MinimumVisualStudioVersion = 10.0.40219.1
Project("{FAE04EC0-301F-11D3-BF4B-00C04F79EFBC}") = "ccquevedo_", "ccquevedo_\ccquevedo_.csproj", "{10EC4D93-FB0D-425E-8717-F04577C99E34}"
EndProject
Global
	GlobalSection(SolutionConfigurationPlatforms) = preSolution
		Debug|Any CPU = Debug|Any CPU
		Release|Any CPU = Release|Any CPU
	EndGlobalSection
	GlobalSection(ProjectConfigurationPlatforms) = postSolution
		{10EC4D93-FB0D-425E-8717-F04577C99E34}.Debug|Any CPU.ActiveCfg = Debug|Any CPU
		{10EC4D93-FB0D-425E-8717-F04577C99E34}.Debug|Any CPU.Build.0 = Debug|Any CPU
		{10EC4D93-FB0D-425E-8717-F04577C99E34}.Release|Any CPU.ActiveCfg = Release|Any CPU
		{10EC4D93-FB0D-425E-8717-F04577C99E34}.Release|Any CPU.Build.0 = Release|Any CPU
	EndGlobalSection
	GlobalSection(SolutionProperties) = preSolution
		HideSolutionNode = FALSE
	EndGlobalSection
	GlobalSection(ExtensibilityGlobals) = postSolution
		SolutionGuid = {6AADD765-8ECA-4095-8CD8-039E2944ABCD}
	EndGlobalSection
EndGlobal
